// !$*UTF8*$!
{
	archiveVersion = 1;
	classes = {
	};
	objectVersion = 50;
	objects = {

/* Begin PBXBuildFile section */
		EB150B582564DA8500164107 /* CreateOrderResponse.swift in Sources */ = {isa = PBXBuildFile; fileRef = EB150B572564DA8500164107 /* CreateOrderResponse.swift */; };
		EBA0FE3E256357860081F8CE /* SwiftUICoffeeOrderingAppApp.swift in Sources */ = {isa = PBXBuildFile; fileRef = EBA0FE3D256357860081F8CE /* SwiftUICoffeeOrderingAppApp.swift */; };
		EBA0FE40256357860081F8CE /* ContentView.swift in Sources */ = {isa = PBXBuildFile; fileRef = EBA0FE3F256357860081F8CE /* ContentView.swift */; };
		EBA0FE42256357870081F8CE /* Assets.xcassets in Resources */ = {isa = PBXBuildFile; fileRef = EBA0FE41256357870081F8CE /* Assets.xcassets */; };
		EBA0FE45256357870081F8CE /* Preview Assets.xcassets in Resources */ = {isa = PBXBuildFile; fileRef = EBA0FE44256357870081F8CE /* Preview Assets.xcassets */; };
		EBA0FE5125635B270081F8CE /* Coffee.swift in Sources */ = {isa = PBXBuildFile; fileRef = EBA0FE5025635B270081F8CE /* Coffee.swift */; };
		EBA0FE5525635C830081F8CE /* Order.swift in Sources */ = {isa = PBXBuildFile; fileRef = EBA0FE5425635C830081F8CE /* Order.swift */; };
		EBA0FE5925635EE00081F8CE /* Webservice.swift in Sources */ = {isa = PBXBuildFile; fileRef = EBA0FE5825635EE00081F8CE /* Webservice.swift */; };
		EBA125EF2563B4B600097368 /* OrderListViewModel.swift in Sources */ = {isa = PBXBuildFile; fileRef = EBA125EE2563B4B600097368 /* OrderListViewModel.swift */; };
		EBA125F22563BA3800097368 /* OrderListView.swift in Sources */ = {isa = PBXBuildFile; fileRef = EBA125F12563BA3800097368 /* OrderListView.swift */; };
		EBD6CA72256B78770078FFFD /* AddCoffeeOrderViewModel.swift in Sources */ = {isa = PBXBuildFile; fileRef = EBD6CA71256B78770078FFFD /* AddCoffeeOrderViewModel.swift */; };
		EBD6CA75256B7AD40078FFFD /* CoffeeViewModel.swift in Sources */ = {isa = PBXBuildFile; fileRef = EBD6CA74256B7AD40078FFFD /* CoffeeViewModel.swift */; };
		EBD6CA78256B87DB0078FFFD /* AddCoffeeOrderView.swift in Sources */ = {isa = PBXBuildFile; fileRef = EBD6CA77256B87DB0078FFFD /* AddCoffeeOrderView.swift */; };
		EBD6CA7B256B8AE20078FFFD /* CoffeeCellSubView.swift in Sources */ = {isa = PBXBuildFile; fileRef = EBD6CA7A256B8AE20078FFFD /* CoffeeCellSubView.swift */; };
/* End PBXBuildFile section */

/* Begin PBXFileReference section */
		EB150B572564DA8500164107 /* CreateOrderResponse.swift */ = {isa = PBXFileReference; lastKnownFileType = sourcecode.swift; path = CreateOrderResponse.swift; sourceTree = "<group>"; };
		EBA0FE3A256357860081F8CE /* SwiftUICoffeeOrderingApp.app */ = {isa = PBXFileReference; explicitFileType = wrapper.application; includeInIndex = 0; path = SwiftUICoffeeOrderingApp.app; sourceTree = BUILT_PRODUCTS_DIR; };
		EBA0FE3D256357860081F8CE /* SwiftUICoffeeOrderingAppApp.swift */ = {isa = PBXFileReference; lastKnownFileType = sourcecode.swift; path = SwiftUICoffeeOrderingAppApp.swift; sourceTree = "<group>"; };
		EBA0FE3F256357860081F8CE /* ContentView.swift */ = {isa = PBXFileReference; lastKnownFileType = sourcecode.swift; path = ContentView.swift; sourceTree = "<group>"; };
		EBA0FE41256357870081F8CE /* Assets.xcassets */ = {isa = PBXFileReference; lastKnownFileType = folder.assetcatalog; path = Assets.xcassets; sourceTree = "<group>"; };
		EBA0FE44256357870081F8CE /* Preview Assets.xcassets */ = {isa = PBXFileReference; lastKnownFileType = folder.assetcatalog; path = "Preview Assets.xcassets"; sourceTree = "<group>"; };
		EBA0FE46256357870081F8CE /* Info.plist */ = {isa = PBXFileReference; lastKnownFileType = text.plist.xml; path = Info.plist; sourceTree = "<group>"; };
		EBA0FE5025635B270081F8CE /* Coffee.swift */ = {isa = PBXFileReference; lastKnownFileType = sourcecode.swift; path = Coffee.swift; sourceTree = "<group>"; };
		EBA0FE5425635C830081F8CE /* Order.swift */ = {isa = PBXFileReference; lastKnownFileType = sourcecode.swift; path = Order.swift; sourceTree = "<group>"; };
		EBA0FE5825635EE00081F8CE /* Webservice.swift */ = {isa = PBXFileReference; lastKnownFileType = sourcecode.swift; path = Webservice.swift; sourceTree = "<group>"; };
		EBA125EE2563B4B600097368 /* OrderListViewModel.swift */ = {isa = PBXFileReference; lastKnownFileType = sourcecode.swift; path = OrderListViewModel.swift; sourceTree = "<group>"; };
		EBA125F12563BA3800097368 /* OrderListView.swift */ = {isa = PBXFileReference; lastKnownFileType = sourcecode.swift; path = OrderListView.swift; sourceTree = "<group>"; };
		EBD6CA71256B78770078FFFD /* AddCoffeeOrderViewModel.swift */ = {isa = PBXFileReference; lastKnownFileType = sourcecode.swift; path = AddCoffeeOrderViewModel.swift; sourceTree = "<group>"; };
		EBD6CA74256B7AD40078FFFD /* CoffeeViewModel.swift */ = {isa = PBXFileReference; lastKnownFileType = sourcecode.swift; path = CoffeeViewModel.swift; sourceTree = "<group>"; };
		EBD6CA77256B87DB0078FFFD /* AddCoffeeOrderView.swift */ = {isa = PBXFileReference; lastKnownFileType = sourcecode.swift; path = AddCoffeeOrderView.swift; sourceTree = "<group>"; };
		EBD6CA7A256B8AE20078FFFD /* CoffeeCellSubView.swift */ = {isa = PBXFileReference; lastKnownFileType = sourcecode.swift; path = CoffeeCellSubView.swift; sourceTree = "<group>"; };
/* End PBXFileReference section */

/* Begin PBXFrameworksBuildPhase section */
		EBA0FE37256357860081F8CE /* Frameworks */ = {
			isa = PBXFrameworksBuildPhase;
			buildActionMask = 2147483647;
			files = (
			);
			runOnlyForDeploymentPostprocessing = 0;
		};
/* End PBXFrameworksBuildPhase section */

/* Begin PBXGroup section */
		EBA0FE31256357860081F8CE = {
			isa = PBXGroup;
			children = (
				EBA0FE3C256357860081F8CE /* SwiftUICoffeeOrderingApp */,
				EBA0FE3B256357860081F8CE /* Products */,
			);
			sourceTree = "<group>";
		};
		EBA0FE3B256357860081F8CE /* Products */ = {
			isa = PBXGroup;
			children = (
				EBA0FE3A256357860081F8CE /* SwiftUICoffeeOrderingApp.app */,
			);
			name = Products;
			sourceTree = "<group>";
		};
		EBA0FE3C256357860081F8CE /* SwiftUICoffeeOrderingApp */ = {
			isa = PBXGroup;
			children = (
				EBA0FE5725635E890081F8CE /* Webservice */,
				EBA0FE4F256357B60081F8CE /* ViewModel */,
				EBA0FE4E256357AE0081F8CE /* View */,
				EBA0FE4D2563579E0081F8CE /* Model */,
				EBA0FE3D256357860081F8CE /* SwiftUICoffeeOrderingAppApp.swift */,
				EBA0FE3F256357860081F8CE /* ContentView.swift */,
				EBA0FE41256357870081F8CE /* Assets.xcassets */,
				EBA0FE46256357870081F8CE /* Info.plist */,
				EBA0FE43256357870081F8CE /* Preview Content */,
			);
			path = SwiftUICoffeeOrderingApp;
			sourceTree = "<group>";
		};
		EBA0FE43256357870081F8CE /* Preview Content */ = {
			isa = PBXGroup;
			children = (
				EBA0FE44256357870081F8CE /* Preview Assets.xcassets */,
			);
			path = "Preview Content";
			sourceTree = "<group>";
		};
		EBA0FE4D2563579E0081F8CE /* Model */ = {
			isa = PBXGroup;
			children = (
				EBA0FE5025635B270081F8CE /* Coffee.swift */,
				EBA0FE5425635C830081F8CE /* Order.swift */,
				EB150B572564DA8500164107 /* CreateOrderResponse.swift */,
			);
			path = Model;
			sourceTree = "<group>";
		};
		EBA0FE4E256357AE0081F8CE /* View */ = {
			isa = PBXGroup;
			children = (
				EBA125F12563BA3800097368 /* OrderListView.swift */,
				EBD6CA77256B87DB0078FFFD /* AddCoffeeOrderView.swift */,
				EBD6CA7A256B8AE20078FFFD /* CoffeeCellSubView.swift */,
			);
			path = View;
			sourceTree = "<group>";
		};
		EBA0FE4F256357B60081F8CE /* ViewModel */ = {
			isa = PBXGroup;
			children = (
				EBA125EE2563B4B600097368 /* OrderListViewModel.swift */,
				EBD6CA71256B78770078FFFD /* AddCoffeeOrderViewModel.swift */,
				EBD6CA74256B7AD40078FFFD /* CoffeeViewModel.swift */,
			);
			path = ViewModel;
			sourceTree = "<group>";
		};
		EBA0FE5725635E890081F8CE /* Webservice */ = {
			isa = PBXGroup;
			children = (
				EBA0FE5825635EE00081F8CE /* Webservice.swift */,
			);
			path = Webservice;
			sourceTree = "<group>";
		};
/* End PBXGroup section */

/* Begin PBXNativeTarget section */
		EBA0FE39256357860081F8CE /* SwiftUICoffeeOrderingApp */ = {
			isa = PBXNativeTarget;
			buildConfigurationList = EBA0FE49256357870081F8CE /* Build configuration list for PBXNativeTarget "SwiftUICoffeeOrderingApp" */;
			buildPhases = (
				EBA0FE36256357860081F8CE /* Sources */,
				EBA0FE37256357860081F8CE /* Frameworks */,
				EBA0FE38256357860081F8CE /* Resources */,
			);
			buildRules = (
			);
			dependencies = (
			);
			name = SwiftUICoffeeOrderingApp;
			productName = SwiftUICoffeeOrderingApp;
			productReference = EBA0FE3A256357860081F8CE /* SwiftUICoffeeOrderingApp.app */;
			productType = "com.apple.product-type.application";
		};
/* End PBXNativeTarget section */

/* Begin PBXProject section */
		EBA0FE32256357860081F8CE /* Project object */ = {
			isa = PBXProject;
			attributes = {
				LastSwiftUpdateCheck = 1210;
				LastUpgradeCheck = 1210;
				TargetAttributes = {
					EBA0FE39256357860081F8CE = {
						CreatedOnToolsVersion = 12.1;
					};
				};
			};
			buildConfigurationList = EBA0FE35256357860081F8CE /* Build configuration list for PBXProject "SwiftUICoffeeOrderingApp" */;
			compatibilityVersion = "Xcode 9.3";
			developmentRegion = en;
			hasScannedForEncodings = 0;
			knownRegions = (
				en,
				Base,
			);
			mainGroup = EBA0FE31256357860081F8CE;
			productRefGroup = EBA0FE3B256357860081F8CE /* Products */;
			projectDirPath = "";
			projectRoot = "";
			targets = (
				EBA0FE39256357860081F8CE /* SwiftUICoffeeOrderingApp */,
			);
		};
/* End PBXProject section */

/* Begin PBXResourcesBuildPhase section */
		EBA0FE38256357860081F8CE /* Resources */ = {
			isa = PBXResourcesBuildPhase;
			buildActionMask = 2147483647;
			files = (
				EBA0FE45256357870081F8CE /* Preview Assets.xcassets in Resources */,
				EBA0FE42256357870081F8CE /* Assets.xcassets in Resources */,
			);
			runOnlyForDeploymentPostprocessing = 0;
		};
/* End PBXResourcesBuildPhase section */

/* Begin PBXSourcesBuildPhase section */
		EBA0FE36256357860081F8CE /* Sources */ = {
			isa = PBXSourcesBuildPhase;
			buildActionMask = 2147483647;
			files = (
				EBA0FE40256357860081F8CE /* ContentView.swift in Sources */,
				EBD6CA78256B87DB0078FFFD /* AddCoffeeOrderView.swift in Sources */,
				EBA0FE3E256357860081F8CE /* SwiftUICoffeeOrderingAppApp.swift in Sources */,
				EBD6CA7B256B8AE20078FFFD /* CoffeeCellSubView.swift in Sources */,
				EBD6CA75256B7AD40078FFFD /* CoffeeViewModel.swift in Sources */,
				EBA0FE5525635C830081F8CE /* Order.swift in Sources */,
				EB150B582564DA8500164107 /* CreateOrderResponse.swift in Sources */,
				EBA125F22563BA3800097368 /* OrderListView.swift in Sources */,
				EBA125EF2563B4B600097368 /* OrderListViewModel.swift in Sources */,
				EBA0FE5925635EE00081F8CE /* Webservice.swift in Sources */,
				EBD6CA72256B78770078FFFD /* AddCoffeeOrderViewModel.swift in Sources */,
				EBA0FE5125635B270081F8CE /* Coffee.swift in Sources */,
			);
			runOnlyForDeploymentPostprocessing = 0;
		};
/* End PBXSourcesBuildPhase section */

/* Begin XCBuildConfiguration section */
		EBA0FE47256357870081F8CE /* Debug */ = {
			isa = XCBuildConfiguration;
			buildSettings = {
				ALWAYS_SEARCH_USER_PATHS = NO;
				CLANG_ANALYZER_NONNULL = YES;
				CLANG_ANALYZER_NUMBER_OBJECT_CONVERSION = YES_AGGRESSIVE;
				CLANG_CXX_LANGUAGE_STANDARD = "gnu++14";
				CLANG_CXX_LIBRARY = "libc++";
				CLANG_ENABLE_MODULES = YES;
				CLANG_ENABLE_OBJC_ARC = YES;
				CLANG_ENABLE_OBJC_WEAK = YES;
				CLANG_WARN_BLOCK_CAPTURE_AUTORELEASING = YES;
				CLANG_WARN_BOOL_CONVERSION = YES;
				CLANG_WARN_COMMA = YES;
				CLANG_WARN_CONSTANT_CONVERSION = YES;
				CLANG_WARN_DEPRECATED_OBJC_IMPLEMENTATIONS = YES;
				CLANG_WARN_DIRECT_OBJC_ISA_USAGE = YES_ERROR;
				CLANG_WARN_DOCUMENTATION_COMMENTS = YES;
				CLANG_WARN_EMPTY_BODY = YES;
				CLANG_WARN_ENUM_CONVERSION = YES;
				CLANG_WARN_INFINITE_RECURSION = YES;
				CLANG_WARN_INT_CONVERSION = YES;
				CLANG_WARN_NON_LITERAL_NULL_CONVERSION = YES;
				CLANG_WARN_OBJC_IMPLICIT_RETAIN_SELF = YES;
				CLANG_WARN_OBJC_LITERAL_CONVERSION = YES;
				CLANG_WARN_OBJC_ROOT_CLASS = YES_ERROR;
				CLANG_WARN_QUOTED_INCLUDE_IN_FRAMEWORK_HEADER = YES;
				CLANG_WARN_RANGE_LOOP_ANALYSIS = YES;
				CLANG_WARN_STRICT_PROTOTYPES = YES;
				CLANG_WARN_SUSPICIOUS_MOVE = YES;
				CLANG_WARN_UNGUARDED_AVAILABILITY = YES_AGGRESSIVE;
				CLANG_WARN_UNREACHABLE_CODE = YES;
				CLANG_WARN__DUPLICATE_METHOD_MATCH = YES;
				COPY_PHASE_STRIP = NO;
				DEBUG_INFORMATION_FORMAT = dwarf;
				ENABLE_STRICT_OBJC_MSGSEND = YES;
				ENABLE_TESTABILITY = YES;
				GCC_C_LANGUAGE_STANDARD = gnu11;
				GCC_DYNAMIC_NO_PIC = NO;
				GCC_NO_COMMON_BLOCKS = YES;
				GCC_OPTIMIZATION_LEVEL = 0;
				GCC_PREPROCESSOR_DEFINITIONS = (
					"DEBUG=1",
					"$(inherited)",
				);
				GCC_WARN_64_TO_32_BIT_CONVERSION = YES;
				GCC_WARN_ABOUT_RETURN_TYPE = YES_ERROR;
				GCC_WARN_UNDECLARED_SELECTOR = YES;
				GCC_WARN_UNINITIALIZED_AUTOS = YES_AGGRESSIVE;
				GCC_WARN_UNUSED_FUNCTION = YES;
				GCC_WARN_UNUSED_VARIABLE = YES;
				IPHONEOS_DEPLOYMENT_TARGET = 14.1;
				MTL_ENABLE_DEBUG_INFO = INCLUDE_SOURCE;
				MTL_FAST_MATH = YES;
				ONLY_ACTIVE_ARCH = YES;
				SDKROOT = iphoneos;
				SWIFT_ACTIVE_COMPILATION_CONDITIONS = DEBUG;
				SWIFT_OPTIMIZATION_LEVEL = "-Onone";
			};
			name = Debug;
		};
		EBA0FE48256357870081F8CE /* Release */ = {
			isa = XCBuildConfiguration;
			buildSettings = {
				ALWAYS_SEARCH_USER_PATHS = NO;
				CLANG_ANALYZER_NONNULL = YES;
				CLANG_ANALYZER_NUMBER_OBJECT_CONVERSION = YES_AGGRESSIVE;
				CLANG_CXX_LANGUAGE_STANDARD = "gnu++14";
				CLANG_CXX_LIBRARY = "libc++";
				CLANG_ENABLE_MODULES = YES;
				CLANG_ENABLE_OBJC_ARC = YES;
				CLANG_ENABLE_OBJC_WEAK = YES;
				CLANG_WARN_BLOCK_CAPTURE_AUTORELEASING = YES;
				CLANG_WARN_BOOL_CONVERSION = YES;
				CLANG_WARN_COMMA = YES;
				CLANG_WARN_CONSTANT_CONVERSION = YES;
				CLANG_WARN_DEPRECATED_OBJC_IMPLEMENTATIONS = YES;
				CLANG_WARN_DIRECT_OBJC_ISA_USAGE = YES_ERROR;
				CLANG_WARN_DOCUMENTATION_COMMENTS = YES;
				CLANG_WARN_EMPTY_BODY = YES;
				CLANG_WARN_ENUM_CONVERSION = YES;
				CLANG_WARN_INFINITE_RECURSION = YES;
				CLANG_WARN_INT_CONVERSION = YES;
				CLANG_WARN_NON_LITERAL_NULL_CONVERSION = YES;
				CLANG_WARN_OBJC_IMPLICIT_RETAIN_SELF = YES;
				CLANG_WARN_OBJC_LITERAL_CONVERSION = YES;
				CLANG_WARN_OBJC_ROOT_CLASS = YES_ERROR;
				CLANG_WARN_QUOTED_INCLUDE_IN_FRAMEWORK_HEADER = YES;
				CLANG_WARN_RANGE_LOOP_ANALYSIS = YES;
				CLANG_WARN_STRICT_PROTOTYPES = YES;
				CLANG_WARN_SUSPICIOUS_MOVE = YES;
				CLANG_WARN_UNGUARDED_AVAILABILITY = YES_AGGRESSIVE;
				CLANG_WARN_UNREACHABLE_CODE = YES;
				CLANG_WARN__DUPLICATE_METHOD_MATCH = YES;
				COPY_PHASE_STRIP = NO;
				DEBUG_INFORMATION_FORMAT = "dwarf-with-dsym";
				ENABLE_NS_ASSERTIONS = NO;
				ENABLE_STRICT_OBJC_MSGSEND = YES;
				GCC_C_LANGUAGE_STANDARD = gnu11;
				GCC_NO_COMMON_BLOCKS = YES;
				GCC_WARN_64_TO_32_BIT_CONVERSION = YES;
				GCC_WARN_ABOUT_RETURN_TYPE = YES_ERROR;
				GCC_WARN_UNDECLARED_SELECTOR = YES;
				GCC_WARN_UNINITIALIZED_AUTOS = YES_AGGRESSIVE;
				GCC_WARN_UNUSED_FUNCTION = YES;
				GCC_WARN_UNUSED_VARIABLE = YES;
				IPHONEOS_DEPLOYMENT_TARGET = 14.1;
				MTL_ENABLE_DEBUG_INFO = NO;
				MTL_FAST_MATH = YES;
				SDKROOT = iphoneos;
				SWIFT_COMPILATION_MODE = wholemodule;
				SWIFT_OPTIMIZATION_LEVEL = "-O";
				VALIDATE_PRODUCT = YES;
			};
			name = Release;
		};
		EBA0FE4A256357870081F8CE /* Debug */ = {
			isa = XCBuildConfiguration;
			buildSettings = {
				ASSETCATALOG_COMPILER_APPICON_NAME = AppIcon;
				ASSETCATALOG_COMPILER_GLOBAL_ACCENT_COLOR_NAME = AccentColor;
				CODE_SIGN_STYLE = Automatic;
				DEVELOPMENT_ASSET_PATHS = "\"SwiftUICoffeeOrderingApp/Preview Content\"";
				DEVELOPMENT_TEAM = K924X73642;
				ENABLE_PREVIEWS = YES;
				INFOPLIST_FILE = SwiftUICoffeeOrderingApp/Info.plist;
				IPHONEOS_DEPLOYMENT_TARGET = 14.0;
				LD_RUNPATH_SEARCH_PATHS = (
					"$(inherited)",
					"@executable_path/Frameworks",
				);
				PRODUCT_BUNDLE_IDENTIFIER = com.tanvirgeek.SwiftUICoffeeOrderingApp;
				PRODUCT_NAME = "$(TARGET_NAME)";
				SWIFT_VERSION = 5.0;
				TARGETED_DEVICE_FAMILY = "1,2";
			};
			name = Debug;
		};
		EBA0FE4B256357870081F8CE /* Release */ = {
			isa = XCBuildConfiguration;
			buildSettings = {
				ASSETCATALOG_COMPILER_APPICON_NAME = AppIcon;
				ASSETCATALOG_COMPILER_GLOBAL_ACCENT_COLOR_NAME = AccentColor;
				CODE_SIGN_STYLE = Automatic;
				DEVELOPMENT_ASSET_PATHS = "\"SwiftUICoffeeOrderingApp/Preview Content\"";
				DEVELOPMENT_TEAM = K924X73642;
				ENABLE_PREVIEWS = YES;
				INFOPLIST_FILE = SwiftUICoffeeOrderingApp/Info.plist;
				IPHONEOS_DEPLOYMENT_TARGET = 14.0;
				LD_RUNPATH_SEARCH_PATHS = (
					"$(inherited)",
					"@executable_path/Frameworks",
				);
				PRODUCT_BUNDLE_IDENTIFIER = com.tanvirgeek.SwiftUICoffeeOrderingApp;
				PRODUCT_NAME = "$(TARGET_NAME)";
				SWIFT_VERSION = 5.0;
				TARGETED_DEVICE_FAMILY = "1,2";
			};
			name = Release;
		};
/* End XCBuildConfiguration section */

/* Begin XCConfigurationList section */
		EBA0FE35256357860081F8CE /* Build configuration list for PBXProject "SwiftUICoffeeOrderingApp" */ = {
			isa = XCConfigurationList;
			buildConfigurations = (
				EBA0FE47256357870081F8CE /* Debug */,
				EBA0FE48256357870081F8CE /* Release */,
			);
			defaultConfigurationIsVisible = 0;
			defaultConfigurationName = Release;
		};
		EBA0FE49256357870081F8CE /* Build configuration list for PBXNativeTarget "SwiftUICoffeeOrderingApp" */ = {
			isa = XCConfigurationList;
			buildConfigurations = (
				EBA0FE4A256357870081F8CE /* Debug */,
				EBA0FE4B256357870081F8CE /* Release */,
			);
			defaultConfigurationIsVisible = 0;
			defaultConfigurationName = Release;
		};
/* End XCConfigurationList section */
	};
	rootObject = EBA0FE32256357860081F8CE /* Project object */;
}
